
Microsoft Visual Studio Solution File, Format Version 12.00
# Visual Studio Version 17
VisualStudioVersion = 17.12.35323.107
MinimumVisualStudioVersion = 10.0.40219.1
Project("{FAE04EC0-301F-11D3-BF4B-00C04F79EFBC}") = "BusinessLayer", "BusinessLayer\BusinessLayer\BusinessLayer.csproj", "{3F865A5C-B56E-4FA7-908C-B6E163B706BB}"
EndProject
Project("{FAE04EC0-301F-11D3-BF4B-00C04F79EFBC}") = "PresenationLayer", "PresenationLayer\PresenationLayer\PresenationLayer.csproj", "{5CFA320D-3F3F-4C36-925E-629601B963D1}"
EndProject
Global
	GlobalSection(SolutionConfigurationPlatforms) = preSolution
		Debug|Any CPU = Debug|Any CPU
		Release|Any CPU = Release|Any CPU
	EndGlobalSection
	GlobalSection(ProjectConfigurationPlatforms) = postSolution
		{3F865A5C-B56E-4FA7-908C-B6E163B706BB}.Debug|Any CPU.ActiveCfg = Debug|Any CPU
		{3F865A5C-B56E-4FA7-908C-B6E163B706BB}.Debug|Any CPU.Build.0 = Debug|Any CPU
		{3F865A5C-B56E-4FA7-908C-B6E163B706BB}.Release|Any CPU.ActiveCfg = Release|Any CPU
		{3F865A5C-B56E-4FA7-908C-B6E163B706BB}.Release|Any CPU.Build.0 = Release|Any CPU
		{5CFA320D-3F3F-4C36-925E-629601B963D1}.Debug|Any CPU.ActiveCfg = Debug|Any CPU
		{5CFA320D-3F3F-4C36-925E-629601B963D1}.Debug|Any CPU.Build.0 = Debug|Any CPU
		{5CFA320D-3F3F-4C36-925E-629601B963D1}.Release|Any CPU.ActiveCfg = Release|Any CPU
		{5CFA320D-3F3F-4C36-925E-629601B963D1}.Release|Any CPU.Build.0 = Release|Any CPU
	EndGlobalSection
	GlobalSection(SolutionProperties) = preSolution
		HideSolutionNode = FALSE
	EndGlobalSection
	GlobalSection(ExtensibilityGlobals) = postSolution
		SolutionGuid = {029D0A4E-AAA0-425E-9596-53C9A65CAC42}
	EndGlobalSection
EndGlobal
